
Microsoft Visual Studio Solution File, Format Version 12.00
# Visual Studio Version 16
VisualStudioVersion = 16.0.28922.388
MinimumVisualStudioVersion = 10.0.40219.1
Project("{FAE04EC0-301F-11D3-BF4B-00C04F79EFBC}") = "CalculateHypotenuseTaishaun", "CalculateHypotenuseTaishaun\CalculateHypotenuseTaishaun.csproj", "{4F83AC0D-5903-45A2-9AD6-8BA2F6B72EC6}"
EndProject
Global
	GlobalSection(SolutionConfigurationPlatforms) = preSolution
		Debug|Any CPU = Debug|Any CPU
		Release|Any CPU = Release|Any CPU
	EndGlobalSection
	GlobalSection(ProjectConfigurationPlatforms) = postSolution
		{4F83AC0D-5903-45A2-9AD6-8BA2F6B72EC6}.Debug|Any CPU.ActiveCfg = Debug|Any CPU
		{4F83AC0D-5903-45A2-9AD6-8BA2F6B72EC6}.Debug|Any CPU.Build.0 = Debug|Any CPU
		{4F83AC0D-5903-45A2-9AD6-8BA2F6B72EC6}.Release|Any CPU.ActiveCfg = Release|Any CPU
		{4F83AC0D-5903-45A2-9AD6-8BA2F6B72EC6}.Release|Any CPU.Build.0 = Release|Any CPU
	EndGlobalSection
	GlobalSection(SolutionProperties) = preSolution
		HideSolutionNode = FALSE
	EndGlobalSection
	GlobalSection(ExtensibilityGlobals) = postSolution
		SolutionGuid = {11B3AC92-0775-41AE-921F-5C405F68C27A}
	EndGlobalSection
EndGlobal
